
Microsoft Visual Studio Solution File, Format Version 12.00
# Visual Studio Version 16
VisualStudioVersion = 16.0.30114.105
MinimumVisualStudioVersion = 10.0.40219.1
Project("{FAE04EC0-301F-11D3-BF4B-00C04F79EFBC}") = "ILS.Models.UserManagement", "ILS.UserManagement\ILS.Models.UserManagement.csproj", "{3296DA90-5CDC-4B24-BD72-029E7DFB3344}"
EndProject
Project("{FAE04EC0-301F-11D3-BF4B-00C04F79EFBC}") = "CMMS.Data", "CMMS.Data\CMMS.Data.csproj", "{7F5BE12F-0DEA-4914-8006-A799F3C43194}"
EndProject
Project("{FAE04EC0-301F-11D3-BF4B-00C04F79EFBC}") = "CMMS.Web", "CMMS.Web\CMMS.Web.csproj", "{79856821-0731-4C13-BBD0-0BBFC2FB5B3D}"
EndProject
Global
	GlobalSection(SolutionConfigurationPlatforms) = preSolution
		Debug|Any CPU = Debug|Any CPU
		Release|Any CPU = Release|Any CPU
	EndGlobalSection
	GlobalSection(ProjectConfigurationPlatforms) = postSolution
		{3296DA90-5CDC-4B24-BD72-029E7DFB3344}.Debug|Any CPU.ActiveCfg = Debug|Any CPU
		{3296DA90-5CDC-4B24-BD72-029E7DFB3344}.Debug|Any CPU.Build.0 = Debug|Any CPU
		{3296DA90-5CDC-4B24-BD72-029E7DFB3344}.Release|Any CPU.ActiveCfg = Release|Any CPU
		{3296DA90-5CDC-4B24-BD72-029E7DFB3344}.Release|Any CPU.Build.0 = Release|Any CPU
		{7F5BE12F-0DEA-4914-8006-A799F3C43194}.Debug|Any CPU.ActiveCfg = Debug|Any CPU
		{7F5BE12F-0DEA-4914-8006-A799F3C43194}.Debug|Any CPU.Build.0 = Debug|Any CPU
		{7F5BE12F-0DEA-4914-8006-A799F3C43194}.Release|Any CPU.ActiveCfg = Release|Any CPU
		{7F5BE12F-0DEA-4914-8006-A799F3C43194}.Release|Any CPU.Build.0 = Release|Any CPU
		{79856821-0731-4C13-BBD0-0BBFC2FB5B3D}.Debug|Any CPU.ActiveCfg = Debug|Any CPU
		{79856821-0731-4C13-BBD0-0BBFC2FB5B3D}.Debug|Any CPU.Build.0 = Debug|Any CPU
		{79856821-0731-4C13-BBD0-0BBFC2FB5B3D}.Release|Any CPU.ActiveCfg = Release|Any CPU
		{79856821-0731-4C13-BBD0-0BBFC2FB5B3D}.Release|Any CPU.Build.0 = Release|Any CPU
	EndGlobalSection
	GlobalSection(SolutionProperties) = preSolution
		HideSolutionNode = FALSE
	EndGlobalSection
	GlobalSection(ExtensibilityGlobals) = postSolution
		SolutionGuid = {3D189B67-2ADD-4583-AF7D-4529F5A1B6DD}
	EndGlobalSection
EndGlobal
